github.com/fsnotify/fsnotify v1.7.0 h1:8JEhPFa5W2WU7YfeZzPNqzMP6Lwt7L2715Ggo0nosvA=
github.com/fsnotify/fsnotify v1.7.0/go.mod h1:40Bi/Hjc2AVfZrqy+aj+yEI+/bRxZnMJyTJwOpGvigM=
github.com/peergum/IT8951-go v0.0.4 h1:GYJQVTAZyjb6uIcsYrCU3tFha9gLsyXiHr7Fcc2zqb8=
github.com/peergum/IT8951-go v0.0.4/go.mod h1:mNsSr3FtruEgOAgJ/J6zdLwzoPSm6AKzwiv631JhQaM=
github.com/peergum/go-rpio/v5 v5.0.0-alpha h1:RLRinv2gRP7pGBUZha/maiJ/L8j0DsW7bseNA9tjWiA=
github.com/peergum/go-rpio/v5 v5.0.0-alpha/go.mod h1:5X8yf+GJpCmymfP9Pdqld7LsZ3rf7Ll+xlief8PQ5tg=
golang.org/x/sys v0.4.0 h1:Zr2JFtRQNX3BCZ8YtxRE9hNJYC8J6I1MVbMg6owUp18=
golang.org/x/sys v0.4.0/go.mod h1:oPkhp1MJrh7nUepCBck5+mAzfO9JrbApNNgaTdGDITg=
